hash: 9901f83b5511ad11dca001eda146cb9c6781babb81cf509c7d52f1de346c76b3
updated: 2017-07-25T10:11:56.51815626+08:00
imports:
- name: github.com/drone/routes
  version: 853bef2b231162bb7b09355720416d3af1510d88
- name: github.com/go-sql-driver/mysql
  version: 3955978caca48c1658a4bb7a9c6a0f084e326af3
- name: github.com/sony/sonyflake
  version: fa881fb1052b152e977c41023052c2f2a1c475e9
testImports: []
